
Microsoft Visual Studio Solution File, Format Version 12.00
# Visual Studio Version 16
VisualStudioVersion = 16.0.31321.278
MinimumVisualStudioVersion = 10.0.40219.1
Project("{FAE04EC0-301F-11D3-BF4B-00C04F79EFBC}") = "Большая пачка", "Большая пачка\Большая пачка.csproj", "{23167AF1-0595-48AC-B9A7-2FDFC520077A}"
EndProject
Global
	GlobalSection(SolutionConfigurationPlatforms) = preSolution
		Debug|Any CPU = Debug|Any CPU
		Release|Any CPU = Release|Any CPU
	EndGlobalSection
	GlobalSection(ProjectConfigurationPlatforms) = postSolution
		{23167AF1-0595-48AC-B9A7-2FDFC520077A}.Debug|Any CPU.ActiveCfg = Debug|Any CPU
		{23167AF1-0595-48AC-B9A7-2FDFC520077A}.Debug|Any CPU.Build.0 = Debug|Any CPU
		{23167AF1-0595-48AC-B9A7-2FDFC520077A}.Release|Any CPU.ActiveCfg = Release|Any CPU
		{23167AF1-0595-48AC-B9A7-2FDFC520077A}.Release|Any CPU.Build.0 = Release|Any CPU
	EndGlobalSection
	GlobalSection(SolutionProperties) = preSolution
		HideSolutionNode = FALSE
	EndGlobalSection
	GlobalSection(ExtensibilityGlobals) = postSolution
		SolutionGuid = {F3E9178A-0A44-45FA-B672-21E8FC222C14}
	EndGlobalSection
EndGlobal
